
Microsoft Visual Studio Solution File, Format Version 12.00
# Visual Studio Version 17
VisualStudioVersion = 17.13.35931.197
MinimumVisualStudioVersion = 10.0.40219.1
Project("{2150E333-8FDC-42A3-9474-1A3956D46DE8}") = "src", "src", "{827E0CD3-B72D-47B6-A68D-7590B98EB39B}"
EndProject
Project("{FAE04EC0-301F-11D3-BF4B-00C04F79EFBC}") = "DBStore.Domain", "src\DBStore.Domain\DBStore.Domain.csproj", "{06B83E99-E871-4818-965E-6D83845B9F84}"
EndProject
Project("{FAE04EC0-301F-11D3-BF4B-00C04F79EFBC}") = "DBStore.Infrastructure", "src\DBStore.Infrastructure\DBStore.Infrastructure.csproj", "{F014AB58-A061-464F-89EC-F545EEE0A3B5}"
EndProject
Project("{FAE04EC0-301F-11D3-BF4B-00C04F79EFBC}") = "DBStore.Application", "src\DBStore.Application\DBStore.Application.csproj", "{21DCC534-CE20-4596-8F46-535028FEC1B3}"
EndProject
Project("{FAE04EC0-301F-11D3-BF4B-00C04F79EFBC}") = "DBStore.Api", "src\DBStore.Api\DBStore.Api.csproj", "{633EDD87-0F66-486B-B55E-022E445ED6FA}"
EndProject
Project("{2150E333-8FDC-42A3-9474-1A3956D46DE8}") = "tests", "tests", "{0AB3BF05-4346-4AA6-1389-037BE0695223}"
EndProject
Project("{FAE04EC0-301F-11D3-BF4B-00C04F79EFBC}") = "DBStore.Domain.Tests", "tests\DBStore.Domain.Tests\DBStore.Domain.Tests.csproj", "{A8D848CA-EF70-41D8-885F-982E985BE72B}"
EndProject
Project("{FAE04EC0-301F-11D3-BF4B-00C04F79EFBC}") = "DBStore.Infrastructure.Tests", "tests\DBStore.Infrastructure.Tests\DBStore.Infrastructure.Tests.csproj", "{47EA9996-604E-4127-A1FD-DAE4BF514DCC}"
EndProject
Project("{FAE04EC0-301F-11D3-BF4B-00C04F79EFBC}") = "DBStore.Application.Tests", "tests\DBStore.Application.Tests\DBStore.Application.Tests.csproj", "{C501C8AF-2C38-4592-8883-DE28E5320D54}"
EndProject
Project("{FAE04EC0-301F-11D3-BF4B-00C04F79EFBC}") = "DBStore.Api.Tests", "tests\DBStore.Api.Tests\DBStore.Api.Tests.csproj", "{478D6BEC-4891-4F59-BFF7-7BD7B185F00F}"
EndProject
Global
	GlobalSection(SolutionConfigurationPlatforms) = preSolution
		Debug|Any CPU = Debug|Any CPU
		Debug|x64 = Debug|x64
		Debug|x86 = Debug|x86
		Release|Any CPU = Release|Any CPU
		Release|x64 = Release|x64
		Release|x86 = Release|x86
	EndGlobalSection
	GlobalSection(ProjectConfigurationPlatforms) = postSolution
		{06B83E99-E871-4818-965E-6D83845B9F84}.Debug|Any CPU.ActiveCfg = Debug|Any CPU
		{06B83E99-E871-4818-965E-6D83845B9F84}.Debug|Any CPU.Build.0 = Debug|Any CPU
		{06B83E99-E871-4818-965E-6D83845B9F84}.Debug|x64.ActiveCfg = Debug|Any CPU
		{06B83E99-E871-4818-965E-6D83845B9F84}.Debug|x64.Build.0 = Debug|Any CPU
		{06B83E99-E871-4818-965E-6D83845B9F84}.Debug|x86.ActiveCfg = Debug|Any CPU
		{06B83E99-E871-4818-965E-6D83845B9F84}.Debug|x86.Build.0 = Debug|Any CPU
		{06B83E99-E871-4818-965E-6D83845B9F84}.Release|Any CPU.ActiveCfg = Release|Any CPU
		{06B83E99-E871-4818-965E-6D83845B9F84}.Release|Any CPU.Build.0 = Release|Any CPU
		{06B83E99-E871-4818-965E-6D83845B9F84}.Release|x64.ActiveCfg = Release|Any CPU
		{06B83E99-E871-4818-965E-6D83845B9F84}.Release|x64.Build.0 = Release|Any CPU
		{06B83E99-E871-4818-965E-6D83845B9F84}.Release|x86.ActiveCfg = Release|Any CPU
		{06B83E99-E871-4818-965E-6D83845B9F84}.Release|x86.Build.0 = Release|Any CPU
		{F014AB58-A061-464F-89EC-F545EEE0A3B5}.Debug|Any CPU.ActiveCfg = Debug|Any CPU
		{F014AB58-A061-464F-89EC-F545EEE0A3B5}.Debug|Any CPU.Build.0 = Debug|Any CPU
		{F014AB58-A061-464F-89EC-F545EEE0A3B5}.Debug|x64.ActiveCfg = Debug|Any CPU
		{F014AB58-A061-464F-89EC-F545EEE0A3B5}.Debug|x64.Build.0 = Debug|Any CPU
		{F014AB58-A061-464F-89EC-F545EEE0A3B5}.Debug|x86.ActiveCfg = Debug|Any CPU
		{F014AB58-A061-464F-89EC-F545EEE0A3B5}.Debug|x86.Build.0 = Debug|Any CPU
		{F014AB58-A061-464F-89EC-F545EEE0A3B5}.Release|Any CPU.ActiveCfg = Release|Any CPU
		{F014AB58-A061-464F-89EC-F545EEE0A3B5}.Release|Any CPU.Build.0 = Release|Any CPU
		{F014AB58-A061-464F-89EC-F545EEE0A3B5}.Release|x64.ActiveCfg = Release|Any CPU
		{F014AB58-A061-464F-89EC-F545EEE0A3B5}.Release|x64.Build.0 = Release|Any CPU
		{F014AB58-A061-464F-89EC-F545EEE0A3B5}.Release|x86.ActiveCfg = Release|Any CPU
		{F014AB58-A061-464F-89EC-F545EEE0A3B5}.Release|x86.Build.0 = Release|Any CPU
		{21DCC534-CE20-4596-8F46-535028FEC1B3}.Debug|Any CPU.ActiveCfg = Debug|Any CPU
		{21DCC534-CE20-4596-8F46-535028FEC1B3}.Debug|Any CPU.Build.0 = Debug|Any CPU
		{21DCC534-CE20-4596-8F46-535028FEC1B3}.Debug|x64.ActiveCfg = Debug|Any CPU
		{21DCC534-CE20-4596-8F46-535028FEC1B3}.Debug|x64.Build.0 = Debug|Any CPU
		{21DCC534-CE20-4596-8F46-535028FEC1B3}.Debug|x86.ActiveCfg = Debug|Any CPU
		{21DCC534-CE20-4596-8F46-535028FEC1B3}.Debug|x86.Build.0 = Debug|Any CPU
		{21DCC534-CE20-4596-8F46-535028FEC1B3}.Release|Any CPU.ActiveCfg = Release|Any CPU
		{21DCC534-CE20-4596-8F46-535028FEC1B3}.Release|Any CPU.Build.0 = Release|Any CPU
		{21DCC534-CE20-4596-8F46-535028FEC1B3}.Release|x64.ActiveCfg = Release|Any CPU
		{21DCC534-CE20-4596-8F46-535028FEC1B3}.Release|x64.Build.0 = Release|Any CPU
		{21DCC534-CE20-4596-8F46-535028FEC1B3}.Release|x86.ActiveCfg = Release|Any CPU
		{21DCC534-CE20-4596-8F46-535028FEC1B3}.Release|x86.Build.0 = Release|Any CPU
		{633EDD87-0F66-486B-B55E-022E445ED6FA}.Debug|Any CPU.ActiveCfg = Debug|Any CPU
		{633EDD87-0F66-486B-B55E-022E445ED6FA}.Debug|Any CPU.Build.0 = Debug|Any CPU
		{633EDD87-0F66-486B-B55E-022E445ED6FA}.Debug|x64.ActiveCfg = Debug|Any CPU
		{633EDD87-0F66-486B-B55E-022E445ED6FA}.Debug|x64.Build.0 = Debug|Any CPU
		{633EDD87-0F66-486B-B55E-022E445ED6FA}.Debug|x86.ActiveCfg = Debug|Any CPU
		{633EDD87-0F66-486B-B55E-022E445ED6FA}.Debug|x86.Build.0 = Debug|Any CPU
		{633EDD87-0F66-486B-B55E-022E445ED6FA}.Release|Any CPU.ActiveCfg = Release|Any CPU
		{633EDD87-0F66-486B-B55E-022E445ED6FA}.Release|Any CPU.Build.0 = Release|Any CPU
		{633EDD87-0F66-486B-B55E-022E445ED6FA}.Release|x64.ActiveCfg = Release|Any CPU
		{633EDD87-0F66-486B-B55E-022E445ED6FA}.Release|x64.Build.0 = Release|Any CPU
		{633EDD87-0F66-486B-B55E-022E445ED6FA}.Release|x86.ActiveCfg = Release|Any CPU
		{633EDD87-0F66-486B-B55E-022E445ED6FA}.Release|x86.Build.0 = Release|Any CPU
		{A8D848CA-EF70-41D8-885F-982E985BE72B}.Debug|Any CPU.ActiveCfg = Debug|Any CPU
		{A8D848CA-EF70-41D8-885F-982E985BE72B}.Debug|Any CPU.Build.0 = Debug|Any CPU
		{A8D848CA-EF70-41D8-885F-982E985BE72B}.Debug|x64.ActiveCfg = Debug|Any CPU
		{A8D848CA-EF70-41D8-885F-982E985BE72B}.Debug|x64.Build.0 = Debug|Any CPU
		{A8D848CA-EF70-41D8-885F-982E985BE72B}.Debug|x86.ActiveCfg = Debug|Any CPU
		{A8D848CA-EF70-41D8-885F-982E985BE72B}.Debug|x86.Build.0 = Debug|Any CPU
		{A8D848CA-EF70-41D8-885F-982E985BE72B}.Release|Any CPU.ActiveCfg = Release|Any CPU
		{A8D848CA-EF70-41D8-885F-982E985BE72B}.Release|Any CPU.Build.0 = Release|Any CPU
		{A8D848CA-EF70-41D8-885F-982E985BE72B}.Release|x64.ActiveCfg = Release|Any CPU
		{A8D848CA-EF70-41D8-885F-982E985BE72B}.Release|x64.Build.0 = Release|Any CPU
		{A8D848CA-EF70-41D8-885F-982E985BE72B}.Release|x86.ActiveCfg = Release|Any CPU
		{A8D848CA-EF70-41D8-885F-982E985BE72B}.Release|x86.Build.0 = Release|Any CPU
		{47EA9996-604E-4127-A1FD-DAE4BF514DCC}.Debug|Any CPU.ActiveCfg = Debug|Any CPU
		{47EA9996-604E-4127-A1FD-DAE4BF514DCC}.Debug|Any CPU.Build.0 = Debug|Any CPU
		{47EA9996-604E-4127-A1FD-DAE4BF514DCC}.Debug|x64.ActiveCfg = Debug|Any CPU
		{47EA9996-604E-4127-A1FD-DAE4BF514DCC}.Debug|x64.Build.0 = Debug|Any CPU
		{47EA9996-604E-4127-A1FD-DAE4BF514DCC}.Debug|x86.ActiveCfg = Debug|Any CPU
		{47EA9996-604E-4127-A1FD-DAE4BF514DCC}.Debug|x86.Build.0 = Debug|Any CPU
		{47EA9996-604E-4127-A1FD-DAE4BF514DCC}.Release|Any CPU.ActiveCfg = Release|Any CPU
		{47EA9996-604E-4127-A1FD-DAE4BF514DCC}.Release|Any CPU.Build.0 = Release|Any CPU
		{47EA9996-604E-4127-A1FD-DAE4BF514DCC}.Release|x64.ActiveCfg = Release|Any CPU
		{47EA9996-604E-4127-A1FD-DAE4BF514DCC}.Release|x64.Build.0 = Release|Any CPU
		{47EA9996-604E-4127-A1FD-DAE4BF514DCC}.Release|x86.ActiveCfg = Release|Any CPU
		{47EA9996-604E-4127-A1FD-DAE4BF514DCC}.Release|x86.Build.0 = Release|Any CPU
		{C501C8AF-2C38-4592-8883-DE28E5320D54}.Debug|Any CPU.ActiveCfg = Debug|Any CPU
		{C501C8AF-2C38-4592-8883-DE28E5320D54}.Debug|Any CPU.Build.0 = Debug|Any CPU
		{C501C8AF-2C38-4592-8883-DE28E5320D54}.Debug|x64.ActiveCfg = Debug|Any CPU
		{C501C8AF-2C38-4592-8883-DE28E5320D54}.Debug|x64.Build.0 = Debug|Any CPU
		{C501C8AF-2C38-4592-8883-DE28E5320D54}.Debug|x86.ActiveCfg = Debug|Any CPU
		{C501C8AF-2C38-4592-8883-DE28E5320D54}.Debug|x86.Build.0 = Debug|Any CPU
		{C501C8AF-2C38-4592-8883-DE28E5320D54}.Release|Any CPU.ActiveCfg = Release|Any CPU
		{C501C8AF-2C38-4592-8883-DE28E5320D54}.Release|Any CPU.Build.0 = Release|Any CPU
		{C501C8AF-2C38-4592-8883-DE28E5320D54}.Release|x64.ActiveCfg = Release|Any CPU
		{C501C8AF-2C38-4592-8883-DE28E5320D54}.Release|x64.Build.0 = Release|Any CPU
		{C501C8AF-2C38-4592-8883-DE28E5320D54}.Release|x86.ActiveCfg = Release|Any CPU
		{C501C8AF-2C38-4592-8883-DE28E5320D54}.Release|x86.Build.0 = Release|Any CPU
		{478D6BEC-4891-4F59-BFF7-7BD7B185F00F}.Debug|Any CPU.ActiveCfg = Debug|Any CPU
		{478D6BEC-4891-4F59-BFF7-7BD7B185F00F}.Debug|Any CPU.Build.0 = Debug|Any CPU
		{478D6BEC-4891-4F59-BFF7-7BD7B185F00F}.Debug|x64.ActiveCfg = Debug|Any CPU
		{478D6BEC-4891-4F59-BFF7-7BD7B185F00F}.Debug|x64.Build.0 = Debug|Any CPU
		{478D6BEC-4891-4F59-BFF7-7BD7B185F00F}.Debug|x86.ActiveCfg = Debug|Any CPU
		{478D6BEC-4891-4F59-BFF7-7BD7B185F00F}.Debug|x86.Build.0 = Debug|Any CPU
		{478D6BEC-4891-4F59-BFF7-7BD7B185F00F}.Release|Any CPU.ActiveCfg = Release|Any CPU
		{478D6BEC-4891-4F59-BFF7-7BD7B185F00F}.Release|Any CPU.Build.0 = Release|Any CPU
		{478D6BEC-4891-4F59-BFF7-7BD7B185F00F}.Release|x64.ActiveCfg = Release|Any CPU
		{478D6BEC-4891-4F59-BFF7-7BD7B185F00F}.Release|x64.Build.0 = Release|Any CPU
		{478D6BEC-4891-4F59-BFF7-7BD7B185F00F}.Release|x86.ActiveCfg = Release|Any CPU
		{478D6BEC-4891-4F59-BFF7-7BD7B185F00F}.Release|x86.Build.0 = Release|Any CPU
	EndGlobalSection
	GlobalSection(SolutionProperties) = preSolution
		HideSolutionNode = FALSE
	EndGlobalSection
	GlobalSection(NestedProjects) = preSolution
		{06B83E99-E871-4818-965E-6D83845B9F84} = {827E0CD3-B72D-47B6-A68D-7590B98EB39B}
		{F014AB58-A061-464F-89EC-F545EEE0A3B5} = {827E0CD3-B72D-47B6-A68D-7590B98EB39B}
		{21DCC534-CE20-4596-8F46-535028FEC1B3} = {827E0CD3-B72D-47B6-A68D-7590B98EB39B}
		{633EDD87-0F66-486B-B55E-022E445ED6FA} = {827E0CD3-B72D-47B6-A68D-7590B98EB39B}
		{A8D848CA-EF70-41D8-885F-982E985BE72B} = {0AB3BF05-4346-4AA6-1389-037BE0695223}
		{47EA9996-604E-4127-A1FD-DAE4BF514DCC} = {0AB3BF05-4346-4AA6-1389-037BE0695223}
		{C501C8AF-2C38-4592-8883-DE28E5320D54} = {0AB3BF05-4346-4AA6-1389-037BE0695223}
		{478D6BEC-4891-4F59-BFF7-7BD7B185F00F} = {0AB3BF05-4346-4AA6-1389-037BE0695223}
	EndGlobalSection
	GlobalSection(ExtensibilityGlobals) = postSolution
		SolutionGuid = {44F9070F-2B69-46CD-8528-4E3780AE0E1A}
	EndGlobalSection
EndGlobal
